# This file is autogenerated, do not edit; changes may be undone by the next 'dep ensure'.


[[projects]]
  digest = "1:8916afc5d84ba716e5ea7efa66877ee79aae61dfa6a8b6f44cb6a06d433f5c7b"
  name = "github.com/line/line-bot-sdk-go"
  packages = ["linebot"]
  pruneopts = "UT"
  revision = "e5a5e660c973149748ecbdba957fb04d0504119c"
  version = "v4.3.0"

[[projects]]
  digest = "1:4d2e5a73dc1500038e504a8d78b986630e3626dc027bc030ba5c75da257cdb96"
  name = "gopkg.in/yaml.v2"
  packages = ["."]
  pruneopts = "UT"
  revision = "51d6538a90f86fe93ac480b35f37b2be17fef232"
  version = "v2.2.2"

[solve-meta]
  analyzer-name = "dep"
  analyzer-version = 1
  input-imports = [
    "github.com/line/line-bot-sdk-go/linebot",
    "gopkg.in/yaml.v2",
  ]
  solver-name = "gps-cdcl"
  solver-version = 1
